
Microsoft Visual Studio Solution File, Format Version 12.00
# Visual Studio Version 16
VisualStudioVersion = 16.0.31205.134
MinimumVisualStudioVersion = 10.0.40219.1
Project("{FAE04EC0-301F-11D3-BF4B-00C04F79EFBC}") = "Quiz", "Quiz.csproj", "{9596F3F8-17AD-42EE-9992-8ADA072586E4}"
EndProject
Project("{FAE04EC0-301F-11D3-BF4B-00C04F79EFBC}") = "QuizTests", "..\QuizTests\QuizTests.csproj", "{4B225599-FA0D-477C-AE32-F3AA0575E4D1}"
EndProject
Global
	GlobalSection(SolutionConfigurationPlatforms) = preSolution
		Debug|Any CPU = Debug|Any CPU
		Release|Any CPU = Release|Any CPU
	EndGlobalSection
	GlobalSection(ProjectConfigurationPlatforms) = postSolution
		{9596F3F8-17AD-42EE-9992-8ADA072586E4}.Debug|Any CPU.ActiveCfg = Debug|Any CPU
		{9596F3F8-17AD-42EE-9992-8ADA072586E4}.Debug|Any CPU.Build.0 = Debug|Any CPU
		{9596F3F8-17AD-42EE-9992-8ADA072586E4}.Release|Any CPU.ActiveCfg = Release|Any CPU
		{9596F3F8-17AD-42EE-9992-8ADA072586E4}.Release|Any CPU.Build.0 = Release|Any CPU
		{4B225599-FA0D-477C-AE32-F3AA0575E4D1}.Debug|Any CPU.ActiveCfg = Debug|Any CPU
		{4B225599-FA0D-477C-AE32-F3AA0575E4D1}.Debug|Any CPU.Build.0 = Debug|Any CPU
		{4B225599-FA0D-477C-AE32-F3AA0575E4D1}.Release|Any CPU.ActiveCfg = Release|Any CPU
		{4B225599-FA0D-477C-AE32-F3AA0575E4D1}.Release|Any CPU.Build.0 = Release|Any CPU
	EndGlobalSection
	GlobalSection(SolutionProperties) = preSolution
		HideSolutionNode = FALSE
	EndGlobalSection
	GlobalSection(ExtensibilityGlobals) = postSolution
		SolutionGuid = {5D5CD57D-1657-4289-ABDF-289E74976FD5}
	EndGlobalSection
EndGlobal
